// !$*UTF8*$!
{
	archiveVersion = 1;
	classes = {
	};
	objectVersion = 52;
	objects = {

/* Begin PBXBuildFile section */
		B1836A5724FD32E600B281D5 /* ApiClient.swift in Sources */ = {isa = PBXBuildFile; fileRef = B1836A5624FD32E600B281D5 /* ApiClient.swift */; };
		B1836A5924FD336500B281D5 /* Constants.swift in Sources */ = {isa = PBXBuildFile; fileRef = B1836A5824FD336500B281D5 /* Constants.swift */; };
		B1836A5C24FD37E700B281D5 /* AttendanceRequest.swift in Sources */ = {isa = PBXBuildFile; fileRef = B1836A5B24FD37E700B281D5 /* AttendanceRequest.swift */; };
		B1836A5E24FD3A6C00B281D5 /* AttendanceResponse.swift in Sources */ = {isa = PBXBuildFile; fileRef = B1836A5D24FD3A6C00B281D5 /* AttendanceResponse.swift */; };
		B193512B24F3059500CD9286 /* AppDelegate.swift in Sources */ = {isa = PBXBuildFile; fileRef = B193512A24F3059500CD9286 /* AppDelegate.swift */; };
		B193512D24F3059500CD9286 /* ViewController.swift in Sources */ = {isa = PBXBuildFile; fileRef = B193512C24F3059500CD9286 /* ViewController.swift */; };
		B193512F24F3059700CD9286 /* Assets.xcassets in Resources */ = {isa = PBXBuildFile; fileRef = B193512E24F3059700CD9286 /* Assets.xcassets */; };
		B193513224F3059700CD9286 /* Main.storyboard in Resources */ = {isa = PBXBuildFile; fileRef = B193513024F3059700CD9286 /* Main.storyboard */; };
		B193513C24F306B700CD9286 /* Alamofire in Frameworks */ = {isa = PBXBuildFile; productRef = B193513B24F306B700CD9286 /* Alamofire */; };
		B1F1C22C24FED8E80041B579 /* AttendanceAlertView.swift in Sources */ = {isa = PBXBuildFile; fileRef = B1F1C22B24FED8E80041B579 /* AttendanceAlertView.swift */; };
		B1F1C22E24FEE2C10041B579 /* AttendanceAlertViewController.swift in Sources */ = {isa = PBXBuildFile; fileRef = B1F1C22D24FEE2C10041B579 /* AttendanceAlertViewController.swift */; };
		B1F1C2322500307B0041B579 /* ErrorAlertViewController.swift in Sources */ = {isa = PBXBuildFile; fileRef = B1F1C2312500307B0041B579 /* ErrorAlertViewController.swift */; };
		B1F1C234250031B50041B579 /* ErrorAlertView.swift in Sources */ = {isa = PBXBuildFile; fileRef = B1F1C233250031B50041B579 /* ErrorAlertView.swift */; };
		B1F1C23825003C620041B579 /* AlertViewDelegate.swift in Sources */ = {isa = PBXBuildFile; fileRef = B1F1C23725003C620041B579 /* AlertViewDelegate.swift */; };
		B1F1C23A25003C8A0041B579 /* AlertViewControllerDelegate.swift in Sources */ = {isa = PBXBuildFile; fileRef = B1F1C23925003C8A0041B579 /* AlertViewControllerDelegate.swift */; };
/* End PBXBuildFile section */

/* Begin PBXFileReference section */
		B1836A5624FD32E600B281D5 /* ApiClient.swift */ = {isa = PBXFileReference; lastKnownFileType = sourcecode.swift; path = ApiClient.swift; sourceTree = "<group>"; };
		B1836A5824FD336500B281D5 /* Constants.swift */ = {isa = PBXFileReference; lastKnownFileType = sourcecode.swift; path = Constants.swift; sourceTree = "<group>"; };
		B1836A5B24FD37E700B281D5 /* AttendanceRequest.swift */ = {isa = PBXFileReference; lastKnownFileType = sourcecode.swift; path = AttendanceRequest.swift; sourceTree = "<group>"; };
		B1836A5D24FD3A6C00B281D5 /* AttendanceResponse.swift */ = {isa = PBXFileReference; lastKnownFileType = sourcecode.swift; path = AttendanceResponse.swift; sourceTree = "<group>"; };
		B193512724F3059500CD9286 /* LabMaster.app */ = {isa = PBXFileReference; explicitFileType = wrapper.application; includeInIndex = 0; path = LabMaster.app; sourceTree = BUILT_PRODUCTS_DIR; };
		B193512A24F3059500CD9286 /* AppDelegate.swift */ = {isa = PBXFileReference; lastKnownFileType = sourcecode.swift; path = AppDelegate.swift; sourceTree = "<group>"; };
		B193512C24F3059500CD9286 /* ViewController.swift */ = {isa = PBXFileReference; lastKnownFileType = sourcecode.swift; path = ViewController.swift; sourceTree = "<group>"; };
		B193512E24F3059700CD9286 /* Assets.xcassets */ = {isa = PBXFileReference; lastKnownFileType = folder.assetcatalog; path = Assets.xcassets; sourceTree = "<group>"; };
		B193513124F3059700CD9286 /* Base */ = {isa = PBXFileReference; lastKnownFileType = file.storyboard; name = Base; path = Base.lproj/Main.storyboard; sourceTree = "<group>"; };
		B193513324F3059700CD9286 /* Info.plist */ = {isa = PBXFileReference; lastKnownFileType = text.plist.xml; path = Info.plist; sourceTree = "<group>"; };
		B193513424F3059700CD9286 /* LabMaster.entitlements */ = {isa = PBXFileReference; lastKnownFileType = text.plist.entitlements; path = LabMaster.entitlements; sourceTree = "<group>"; };
		B1F1C22B24FED8E80041B579 /* AttendanceAlertView.swift */ = {isa = PBXFileReference; lastKnownFileType = sourcecode.swift; path = AttendanceAlertView.swift; sourceTree = "<group>"; };
		B1F1C22D24FEE2C10041B579 /* AttendanceAlertViewController.swift */ = {isa = PBXFileReference; lastKnownFileType = sourcecode.swift; path = AttendanceAlertViewController.swift; sourceTree = "<group>"; };
		B1F1C2312500307B0041B579 /* ErrorAlertViewController.swift */ = {isa = PBXFileReference; lastKnownFileType = sourcecode.swift; path = ErrorAlertViewController.swift; sourceTree = "<group>"; };
		B1F1C233250031B50041B579 /* ErrorAlertView.swift */ = {isa = PBXFileReference; lastKnownFileType = sourcecode.swift; path = ErrorAlertView.swift; sourceTree = "<group>"; };
		B1F1C23725003C620041B579 /* AlertViewDelegate.swift */ = {isa = PBXFileReference; lastKnownFileType = sourcecode.swift; path = AlertViewDelegate.swift; sourceTree = "<group>"; };
		B1F1C23925003C8A0041B579 /* AlertViewControllerDelegate.swift */ = {isa = PBXFileReference; lastKnownFileType = sourcecode.swift; path = AlertViewControllerDelegate.swift; sourceTree = "<group>"; };
/* End PBXFileReference section */

/* Begin PBXFrameworksBuildPhase section */
		B193512424F3059500CD9286 /* Frameworks */ = {
			isa = PBXFrameworksBuildPhase;
			buildActionMask = 2147483647;
			files = (
				B193513C24F306B700CD9286 /* Alamofire in Frameworks */,
			);
			runOnlyForDeploymentPostprocessing = 0;
		};
/* End PBXFrameworksBuildPhase section */

/* Begin PBXGroup section */
		B1836A5A24FD37D500B281D5 /* api */ = {
			isa = PBXGroup;
			children = (
				B1836A5624FD32E600B281D5 /* ApiClient.swift */,
				B1836A5B24FD37E700B281D5 /* AttendanceRequest.swift */,
				B1836A5D24FD3A6C00B281D5 /* AttendanceResponse.swift */,
			);
			path = api;
			sourceTree = "<group>";
		};
		B193511E24F3059500CD9286 = {
			isa = PBXGroup;
			children = (
				B193512924F3059500CD9286 /* LabMaster */,
				B193512824F3059500CD9286 /* Products */,
			);
			sourceTree = "<group>";
		};
		B193512824F3059500CD9286 /* Products */ = {
			isa = PBXGroup;
			children = (
				B193512724F3059500CD9286 /* LabMaster.app */,
			);
			name = Products;
			sourceTree = "<group>";
		};
		B193512924F3059500CD9286 /* LabMaster */ = {
			isa = PBXGroup;
			children = (
				B1F1C23024FEED8B0041B579 /* common */,
				B1F1C22F24FEED770041B579 /* alert */,
				B1F1C22824FECB690041B579 /* extension */,
				B1836A5A24FD37D500B281D5 /* api */,
				B193512C24F3059500CD9286 /* ViewController.swift */,
				B193513024F3059700CD9286 /* Main.storyboard */,
				B193513424F3059700CD9286 /* LabMaster.entitlements */,
				B193513324F3059700CD9286 /* Info.plist */,
			);
			path = LabMaster;
			sourceTree = "<group>";
		};
		B1F1C22824FECB690041B579 /* extension */ = {
			isa = PBXGroup;
			children = (
			);
			path = extension;
			sourceTree = "<group>";
		};
		B1F1C22F24FEED770041B579 /* alert */ = {
			isa = PBXGroup;
			children = (
				B1F1C22B24FED8E80041B579 /* AttendanceAlertView.swift */,
				B1F1C22D24FEE2C10041B579 /* AttendanceAlertViewController.swift */,
				B1F1C2312500307B0041B579 /* ErrorAlertViewController.swift */,
				B1F1C233250031B50041B579 /* ErrorAlertView.swift */,
				B1F1C23725003C620041B579 /* AlertViewDelegate.swift */,
				B1F1C23925003C8A0041B579 /* AlertViewControllerDelegate.swift */,
			);
			path = alert;
			sourceTree = "<group>";
		};
		B1F1C23024FEED8B0041B579 /* common */ = {
			isa = PBXGroup;
			children = (
				B193512A24F3059500CD9286 /* AppDelegate.swift */,
				B1836A5824FD336500B281D5 /* Constants.swift */,
				B193512E24F3059700CD9286 /* Assets.xcassets */,
			);
			path = common;
			sourceTree = "<group>";
		};
/* End PBXGroup section */

/* Begin PBXNativeTarget section */
		B193512624F3059500CD9286 /* LabMaster */ = {
			isa = PBXNativeTarget;
			buildConfigurationList = B193513724F3059700CD9286 /* Build configuration list for PBXNativeTarget "LabMaster" */;
			buildPhases = (
				B193512324F3059500CD9286 /* Sources */,
				B193512424F3059500CD9286 /* Frameworks */,
				B193512524F3059500CD9286 /* Resources */,
			);
			buildRules = (
			);
			dependencies = (
			);
			name = LabMaster;
			packageProductDependencies = (
				B193513B24F306B700CD9286 /* Alamofire */,
			);
			productName = LabMaster;
			productReference = B193512724F3059500CD9286 /* LabMaster.app */;
			productType = "com.apple.product-type.application";
		};
/* End PBXNativeTarget section */

/* Begin PBXProject section */
		B193511F24F3059500CD9286 /* Project object */ = {
			isa = PBXProject;
			attributes = {
				LastSwiftUpdateCheck = 1160;
				LastUpgradeCheck = 1160;
				ORGANIZATIONNAME = "Robert Moryson";
				TargetAttributes = {
					B193512624F3059500CD9286 = {
						CreatedOnToolsVersion = 11.6;
					};
				};
			};
			buildConfigurationList = B193512224F3059500CD9286 /* Build configuration list for PBXProject "LabMaster" */;
			compatibilityVersion = "Xcode 9.3";
			developmentRegion = en;
			hasScannedForEncodings = 0;
			knownRegions = (
				en,
				Base,
			);
			mainGroup = B193511E24F3059500CD9286;
			packageReferences = (
				B193513A24F306B700CD9286 /* XCRemoteSwiftPackageReference "Alamofire" */,
			);
			productRefGroup = B193512824F3059500CD9286 /* Products */;
			projectDirPath = "";
			projectRoot = "";
			targets = (
				B193512624F3059500CD9286 /* LabMaster */,
			);
		};
/* End PBXProject section */

/* Begin PBXResourcesBuildPhase section */
		B193512524F3059500CD9286 /* Resources */ = {
			isa = PBXResourcesBuildPhase;
			buildActionMask = 2147483647;
			files = (
				B193512F24F3059700CD9286 /* Assets.xcassets in Resources */,
				B193513224F3059700CD9286 /* Main.storyboard in Resources */,
			);
			runOnlyForDeploymentPostprocessing = 0;
		};
/* End PBXResourcesBuildPhase section */

/* Begin PBXSourcesBuildPhase section */
		B193512324F3059500CD9286 /* Sources */ = {
			isa = PBXSourcesBuildPhase;
			buildActionMask = 2147483647;
			files = (
				B193512D24F3059500CD9286 /* ViewController.swift in Sources */,
				B1836A5E24FD3A6C00B281D5 /* AttendanceResponse.swift in Sources */,
				B1F1C23A25003C8A0041B579 /* AlertViewControllerDelegate.swift in Sources */,
				B1F1C2322500307B0041B579 /* ErrorAlertViewController.swift in Sources */,
				B1F1C23825003C620041B579 /* AlertViewDelegate.swift in Sources */,
				B1F1C22C24FED8E80041B579 /* AttendanceAlertView.swift in Sources */,
				B1F1C22E24FEE2C10041B579 /* AttendanceAlertViewController.swift in Sources */,
				B1836A5C24FD37E700B281D5 /* AttendanceRequest.swift in Sources */,
				B1F1C234250031B50041B579 /* ErrorAlertView.swift in Sources */,
				B193512B24F3059500CD9286 /* AppDelegate.swift in Sources */,
				B1836A5724FD32E600B281D5 /* ApiClient.swift in Sources */,
				B1836A5924FD336500B281D5 /* Constants.swift in Sources */,
			);
			runOnlyForDeploymentPostprocessing = 0;
		};
/* End PBXSourcesBuildPhase section */

/* Begin PBXVariantGroup section */
		B193513024F3059700CD9286 /* Main.storyboard */ = {
			isa = PBXVariantGroup;
			children = (
				B193513124F3059700CD9286 /* Base */,
			);
			name = Main.storyboard;
			sourceTree = "<group>";
		};
/* End PBXVariantGroup section */

/* Begin XCBuildConfiguration section */
		B193513524F3059700CD9286 /* Debug */ = {
			isa = XCBuildConfiguration;
			buildSettings = {
				ALWAYS_SEARCH_USER_PATHS = NO;
				CLANG_ANALYZER_NONNULL = YES;
				CLANG_ANALYZER_NUMBER_OBJECT_CONVERSION = YES_AGGRESSIVE;
				CLANG_CXX_LANGUAGE_STANDARD = "gnu++14";
				CLANG_CXX_LIBRARY = "libc++";
				CLANG_ENABLE_MODULES = YES;
				CLANG_ENABLE_OBJC_ARC = YES;
				CLANG_ENABLE_OBJC_WEAK = YES;
				CLANG_WARN_BLOCK_CAPTURE_AUTORELEASING = YES;
				CLANG_WARN_BOOL_CONVERSION = YES;
				CLANG_WARN_COMMA = YES;
				CLANG_WARN_CONSTANT_CONVERSION = YES;
				CLANG_WARN_DEPRECATED_OBJC_IMPLEMENTATIONS = YES;
				CLANG_WARN_DIRECT_OBJC_ISA_USAGE = YES_ERROR;
				CLANG_WARN_DOCUMENTATION_COMMENTS = YES;
				CLANG_WARN_EMPTY_BODY = YES;
				CLANG_WARN_ENUM_CONVERSION = YES;
				CLANG_WARN_INFINITE_RECURSION = YES;
				CLANG_WARN_INT_CONVERSION = YES;
				CLANG_WARN_NON_LITERAL_NULL_CONVERSION = YES;
				CLANG_WARN_OBJC_IMPLICIT_RETAIN_SELF = YES;
				CLANG_WARN_OBJC_LITERAL_CONVERSION = YES;
				CLANG_WARN_OBJC_ROOT_CLASS = YES_ERROR;
				CLANG_WARN_RANGE_LOOP_ANALYSIS = YES;
				CLANG_WARN_STRICT_PROTOTYPES = YES;
				CLANG_WARN_SUSPICIOUS_MOVE = YES;
				CLANG_WARN_UNGUARDED_AVAILABILITY = YES_AGGRESSIVE;
				CLANG_WARN_UNREACHABLE_CODE = YES;
				CLANG_WARN__DUPLICATE_METHOD_MATCH = YES;
				COPY_PHASE_STRIP = NO;
				DEBUG_INFORMATION_FORMAT = dwarf;
				ENABLE_STRICT_OBJC_MSGSEND = YES;
				ENABLE_TESTABILITY = YES;
				GCC_C_LANGUAGE_STANDARD = gnu11;
				GCC_DYNAMIC_NO_PIC = NO;
				GCC_NO_COMMON_BLOCKS = YES;
				GCC_OPTIMIZATION_LEVEL = 0;
				GCC_PREPROCESSOR_DEFINITIONS = (
					"DEBUG=1",
					"$(inherited)",
				);
				GCC_WARN_64_TO_32_BIT_CONVERSION = YES;
				GCC_WARN_ABOUT_RETURN_TYPE = YES_ERROR;
				GCC_WARN_UNDECLARED_SELECTOR = YES;
				GCC_WARN_UNINITIALIZED_AUTOS = YES_AGGRESSIVE;
				GCC_WARN_UNUSED_FUNCTION = YES;
				GCC_WARN_UNUSED_VARIABLE = YES;
				MACOSX_DEPLOYMENT_TARGET = 10.15;
				MTL_ENABLE_DEBUG_INFO = INCLUDE_SOURCE;
				MTL_FAST_MATH = YES;
				ONLY_ACTIVE_ARCH = YES;
				SDKROOT = macosx;
				SWIFT_ACTIVE_COMPILATION_CONDITIONS = DEBUG;
				SWIFT_OPTIMIZATION_LEVEL = "-Onone";
			};
			name = Debug;
		};
		B193513624F3059700CD9286 /* Release */ = {
			isa = XCBuildConfiguration;
			buildSettings = {
				ALWAYS_SEARCH_USER_PATHS = NO;
				CLANG_ANALYZER_NONNULL = YES;
				CLANG_ANALYZER_NUMBER_OBJECT_CONVERSION = YES_AGGRESSIVE;
				CLANG_CXX_LANGUAGE_STANDARD = "gnu++14";
				CLANG_CXX_LIBRARY = "libc++";
				CLANG_ENABLE_MODULES = YES;
				CLANG_ENABLE_OBJC_ARC = YES;
				CLANG_ENABLE_OBJC_WEAK = YES;
				CLANG_WARN_BLOCK_CAPTURE_AUTORELEASING = YES;
				CLANG_WARN_BOOL_CONVERSION = YES;
				CLANG_WARN_COMMA = YES;
				CLANG_WARN_CONSTANT_CONVERSION = YES;
				CLANG_WARN_DEPRECATED_OBJC_IMPLEMENTATIONS = YES;
				CLANG_WARN_DIRECT_OBJC_ISA_USAGE = YES_ERROR;
				CLANG_WARN_DOCUMENTATION_COMMENTS = YES;
				CLANG_WARN_EMPTY_BODY = YES;
				CLANG_WARN_ENUM_CONVERSION = YES;
				CLANG_WARN_INFINITE_RECURSION = YES;
				CLANG_WARN_INT_CONVERSION = YES;
				CLANG_WARN_NON_LITERAL_NULL_CONVERSION = YES;
				CLANG_WARN_OBJC_IMPLICIT_RETAIN_SELF = YES;
				CLANG_WARN_OBJC_LITERAL_CONVERSION = YES;
				CLANG_WARN_OBJC_ROOT_CLASS = YES_ERROR;
				CLANG_WARN_RANGE_LOOP_ANALYSIS = YES;
				CLANG_WARN_STRICT_PROTOTYPES = YES;
				CLANG_WARN_SUSPICIOUS_MOVE = YES;
				CLANG_WARN_UNGUARDED_AVAILABILITY = YES_AGGRESSIVE;
				CLANG_WARN_UNREACHABLE_CODE = YES;
				CLANG_WARN__DUPLICATE_METHOD_MATCH = YES;
				COPY_PHASE_STRIP = NO;
				DEBUG_INFORMATION_FORMAT = "dwarf-with-dsym";
				ENABLE_NS_ASSERTIONS = NO;
				ENABLE_STRICT_OBJC_MSGSEND = YES;
				GCC_C_LANGUAGE_STANDARD = gnu11;
				GCC_NO_COMMON_BLOCKS = YES;
				GCC_WARN_64_TO_32_BIT_CONVERSION = YES;
				GCC_WARN_ABOUT_RETURN_TYPE = YES_ERROR;
				GCC_WARN_UNDECLARED_SELECTOR = YES;
				GCC_WARN_UNINITIALIZED_AUTOS = YES_AGGRESSIVE;
				GCC_WARN_UNUSED_FUNCTION = YES;
				GCC_WARN_UNUSED_VARIABLE = YES;
				MACOSX_DEPLOYMENT_TARGET = 10.15;
				MTL_ENABLE_DEBUG_INFO = NO;
				MTL_FAST_MATH = YES;
				SDKROOT = macosx;
				SWIFT_COMPILATION_MODE = wholemodule;
				SWIFT_OPTIMIZATION_LEVEL = "-O";
			};
			name = Release;
		};
		B193513824F3059700CD9286 /* Debug */ = {
			isa = XCBuildConfiguration;
			buildSettings = {
				ASSETCATALOG_COMPILER_APPICON_NAME = AppIcon;
				CODE_SIGN_ENTITLEMENTS = LabMaster/LabMaster.entitlements;
				CODE_SIGN_STYLE = Automatic;
				COMBINE_HIDPI_IMAGES = YES;
				DEVELOPMENT_TEAM = LD72XXU2KG;
				ENABLE_HARDENED_RUNTIME = YES;
				INFOPLIST_FILE = LabMaster/Info.plist;
				LD_RUNPATH_SEARCH_PATHS = (
					"$(inherited)",
					"@executable_path/../Frameworks",
				);
				PRODUCT_BUNDLE_IDENTIFIER = com.robertmoryson.LabMaster;
				PRODUCT_NAME = "$(TARGET_NAME)";
				SWIFT_VERSION = 5.0;
			};
			name = Debug;
		};
		B193513924F3059700CD9286 /* Release */ = {
			isa = XCBuildConfiguration;
			buildSettings = {
				ASSETCATALOG_COMPILER_APPICON_NAME = AppIcon;
				CODE_SIGN_ENTITLEMENTS = LabMaster/LabMaster.entitlements;
				CODE_SIGN_STYLE = Automatic;
				COMBINE_HIDPI_IMAGES = YES;
				DEVELOPMENT_TEAM = LD72XXU2KG;
				ENABLE_HARDENED_RUNTIME = YES;
				INFOPLIST_FILE = LabMaster/Info.plist;
				LD_RUNPATH_SEARCH_PATHS = (
					"$(inherited)",
					"@executable_path/../Frameworks",
				);
				PRODUCT_BUNDLE_IDENTIFIER = com.robertmoryson.LabMaster;
				PRODUCT_NAME = "$(TARGET_NAME)";
				SWIFT_VERSION = 5.0;
			};
			name = Release;
		};
/* End XCBuildConfiguration section */

/* Begin XCConfigurationList section */
		B193512224F3059500CD9286 /* Build configuration list for PBXProject "LabMaster" */ = {
			isa = XCConfigurationList;
			buildConfigurations = (
				B193513524F3059700CD9286 /* Debug */,
				B193513624F3059700CD9286 /* Release */,
			);
			defaultConfigurationIsVisible = 0;
			defaultConfigurationName = Release;
		};
		B193513724F3059700CD9286 /* Build configuration list for PBXNativeTarget "LabMaster" */ = {
			isa = XCConfigurationList;
			buildConfigurations = (
				B193513824F3059700CD9286 /* Debug */,
				B193513924F3059700CD9286 /* Release */,
			);
			defaultConfigurationIsVisible = 0;
			defaultConfigurationName = Release;
		};
/* End XCConfigurationList section */

/* Begin XCRemoteSwiftPackageReference section */
		B193513A24F306B700CD9286 /* XCRemoteSwiftPackageReference "Alamofire" */ = {
			isa = XCRemoteSwiftPackageReference;
			repositoryURL = "https://github.com/Alamofire/Alamofire";
			requirement = {
				kind = upToNextMajorVersion;
				minimumVersion = 5.2.2;
			};
		};
/* End XCRemoteSwiftPackageReference section */

/* Begin XCSwiftPackageProductDependency section */
		B193513B24F306B700CD9286 /* Alamofire */ = {
			isa = XCSwiftPackageProductDependency;
			package = B193513A24F306B700CD9286 /* XCRemoteSwiftPackageReference "Alamofire" */;
			productName = Alamofire;
		};
/* End XCSwiftPackageProductDependency section */
	};
	rootObject = B193511F24F3059500CD9286 /* Project object */;
}
